
Microsoft Visual Studio Solution File, Format Version 12.00
# Visual Studio Version 17
VisualStudioVersion = 17.7.34024.191
MinimumVisualStudioVersion = 10.0.40219.1
Project("{FAE04EC0-301F-11D3-BF4B-00C04F79EFBC}") = "GitHubExample", "GitHubExample\GitHubExample.csproj", "{A333A1D1-24DF-4063-986E-4695FC873641}"
EndProject
Global
	GlobalSection(SolutionConfigurationPlatforms) = preSolution
		Debug|Any CPU = Debug|Any CPU
		Release|Any CPU = Release|Any CPU
	EndGlobalSection
	GlobalSection(ProjectConfigurationPlatforms) = postSolution
		{A333A1D1-24DF-4063-986E-4695FC873641}.Debug|Any CPU.ActiveCfg = Debug|Any CPU
		{A333A1D1-24DF-4063-986E-4695FC873641}.Debug|Any CPU.Build.0 = Debug|Any CPU
		{A333A1D1-24DF-4063-986E-4695FC873641}.Release|Any CPU.ActiveCfg = Release|Any CPU
		{A333A1D1-24DF-4063-986E-4695FC873641}.Release|Any CPU.Build.0 = Release|Any CPU
	EndGlobalSection
	GlobalSection(SolutionProperties) = preSolution
		HideSolutionNode = FALSE
	EndGlobalSection
	GlobalSection(ExtensibilityGlobals) = postSolution
		SolutionGuid = {287CDEA3-6899-430D-8AA3-A2642A8964C5}
	EndGlobalSection
EndGlobal
